// !$*UTF8*$!
{
	archiveVersion = 1;
	classes = {
	};
	objectVersion = 56;
	objects = {

/* Begin PBXBuildFile section */
		662C5DB22B51C517003DDA05 /* Genre.swift in Sources */ = {isa = PBXBuildFile; fileRef = 662C5DB12B51C517003DDA05 /* Genre.swift */; };
		664C9D012B4C5EB800D846F6 /* SharedView.swift in Sources */ = {isa = PBXBuildFile; fileRef = 664C9D002B4C5EB800D846F6 /* SharedView.swift */; };
		665F72FB2B49AD2B0000955D /* MarkAsFinishedView.swift in Sources */ = {isa = PBXBuildFile; fileRef = 665F72FA2B49AD2B0000955D /* MarkAsFinishedView.swift */; };
		669525F92B5413200005F422 /* CellView.swift in Sources */ = {isa = PBXBuildFile; fileRef = 669525F82B5413200005F422 /* CellView.swift */; };
		669525FD2B541FE20005F422 /* BooksListView.swift in Sources */ = {isa = PBXBuildFile; fileRef = 669525FC2B541FE20005F422 /* BooksListView.swift */; };
		669AF26C2B4883DC00310430 /* AddBookView.swift in Sources */ = {isa = PBXBuildFile; fileRef = 669AF26B2B4883DC00310430 /* AddBookView.swift */; };
		66A552EE2B4F23F500577A3A /* RatingView.swift in Sources */ = {isa = PBXBuildFile; fileRef = 66A552ED2B4F23F500577A3A /* RatingView.swift */; };
		66CF06AF2B4B09B200DAB6AC /* Favourites.swift in Sources */ = {isa = PBXBuildFile; fileRef = 66CF06AE2B4B09B200DAB6AC /* Favourites.swift */; };
		66CF06B12B4B492E00DAB6AC /* DeleteButton.swift in Sources */ = {isa = PBXBuildFile; fileRef = 66CF06B02B4B492E00DAB6AC /* DeleteButton.swift */; };
		66CF06B42B4B49AF00DAB6AC /* AddToFavouritesButton.swift in Sources */ = {isa = PBXBuildFile; fileRef = 66CF06B32B4B49AF00DAB6AC /* AddToFavouritesButton.swift */; };
		66CF06B62B4B49BA00DAB6AC /* RemoveFromFavouritesButton.swift in Sources */ = {isa = PBXBuildFile; fileRef = 66CF06B52B4B49BA00DAB6AC /* RemoveFromFavouritesButton.swift */; };
		66DDF55C2B47105600355825 /* BookNotesApp.swift in Sources */ = {isa = PBXBuildFile; fileRef = 66DDF55B2B47105600355825 /* BookNotesApp.swift */; };
		66DDF55E2B47105600355825 /* ContentView.swift in Sources */ = {isa = PBXBuildFile; fileRef = 66DDF55D2B47105600355825 /* ContentView.swift */; };
		66DDF5602B47105700355825 /* Assets.xcassets in Resources */ = {isa = PBXBuildFile; fileRef = 66DDF55F2B47105700355825 /* Assets.xcassets */; };
		66DDF5632B47105700355825 /* Preview Assets.xcassets in Resources */ = {isa = PBXBuildFile; fileRef = 66DDF5622B47105700355825 /* Preview Assets.xcassets */; };
		66DDF56B2B47120B00355825 /* ForYouView.swift in Sources */ = {isa = PBXBuildFile; fileRef = 66DDF56A2B47120B00355825 /* ForYouView.swift */; };
		66DDF56D2B47129700355825 /* FinishedView.swift in Sources */ = {isa = PBXBuildFile; fileRef = 66DDF56C2B47129700355825 /* FinishedView.swift */; };
		66DDF56F2B4712F500355825 /* ToReadView.swift in Sources */ = {isa = PBXBuildFile; fileRef = 66DDF56E2B4712F500355825 /* ToReadView.swift */; };
		66DDF5712B47162D00355825 /* SearchView.swift in Sources */ = {isa = PBXBuildFile; fileRef = 66DDF5702B47162D00355825 /* SearchView.swift */; };
		66DDF5732B474F8C00355825 /* Book.swift in Sources */ = {isa = PBXBuildFile; fileRef = 66DDF5722B474F8C00355825 /* Book.swift */; };
		66DDF5782B4756D900355825 /* ToReadView-ViewModel.swift in Sources */ = {isa = PBXBuildFile; fileRef = 66DDF5772B4756D900355825 /* ToReadView-ViewModel.swift */; };
		66DDF57B2B47582200355825 /* DetailView.swift in Sources */ = {isa = PBXBuildFile; fileRef = 66DDF57A2B47582200355825 /* DetailView.swift */; };
/* End PBXBuildFile section */

/* Begin PBXFileReference section */
		662C5DB12B51C517003DDA05 /* Genre.swift */ = {isa = PBXFileReference; lastKnownFileType = sourcecode.swift; path = Genre.swift; sourceTree = "<group>"; };
		664C9D002B4C5EB800D846F6 /* SharedView.swift */ = {isa = PBXFileReference; lastKnownFileType = sourcecode.swift; path = SharedView.swift; sourceTree = "<group>"; };
		665F72FA2B49AD2B0000955D /* MarkAsFinishedView.swift */ = {isa = PBXFileReference; lastKnownFileType = sourcecode.swift; path = MarkAsFinishedView.swift; sourceTree = "<group>"; };
		669525F82B5413200005F422 /* CellView.swift */ = {isa = PBXFileReference; lastKnownFileType = sourcecode.swift; path = CellView.swift; sourceTree = "<group>"; };
		669525FC2B541FE20005F422 /* BooksListView.swift */ = {isa = PBXFileReference; lastKnownFileType = sourcecode.swift; path = BooksListView.swift; sourceTree = "<group>"; };
		669AF26B2B4883DC00310430 /* AddBookView.swift */ = {isa = PBXFileReference; lastKnownFileType = sourcecode.swift; path = AddBookView.swift; sourceTree = "<group>"; };
		66A552ED2B4F23F500577A3A /* RatingView.swift */ = {isa = PBXFileReference; lastKnownFileType = sourcecode.swift; path = RatingView.swift; sourceTree = "<group>"; };
		66CF06AE2B4B09B200DAB6AC /* Favourites.swift */ = {isa = PBXFileReference; lastKnownFileType = sourcecode.swift; path = Favourites.swift; sourceTree = "<group>"; };
		66CF06B02B4B492E00DAB6AC /* DeleteButton.swift */ = {isa = PBXFileReference; lastKnownFileType = sourcecode.swift; path = DeleteButton.swift; sourceTree = "<group>"; };
		66CF06B32B4B49AF00DAB6AC /* AddToFavouritesButton.swift */ = {isa = PBXFileReference; lastKnownFileType = sourcecode.swift; path = AddToFavouritesButton.swift; sourceTree = "<group>"; };
		66CF06B52B4B49BA00DAB6AC /* RemoveFromFavouritesButton.swift */ = {isa = PBXFileReference; lastKnownFileType = sourcecode.swift; path = RemoveFromFavouritesButton.swift; sourceTree = "<group>"; };
		66DDF5582B47105600355825 /* BookNotes.app */ = {isa = PBXFileReference; explicitFileType = wrapper.application; includeInIndex = 0; path = BookNotes.app; sourceTree = BUILT_PRODUCTS_DIR; };
		66DDF55B2B47105600355825 /* BookNotesApp.swift */ = {isa = PBXFileReference; lastKnownFileType = sourcecode.swift; path = BookNotesApp.swift; sourceTree = "<group>"; };
		66DDF55D2B47105600355825 /* ContentView.swift */ = {isa = PBXFileReference; lastKnownFileType = sourcecode.swift; path = ContentView.swift; sourceTree = "<group>"; };
		66DDF55F2B47105700355825 /* Assets.xcassets */ = {isa = PBXFileReference; lastKnownFileType = folder.assetcatalog; path = Assets.xcassets; sourceTree = "<group>"; };
		66DDF5622B47105700355825 /* Preview Assets.xcassets */ = {isa = PBXFileReference; lastKnownFileType = folder.assetcatalog; path = "Preview Assets.xcassets"; sourceTree = "<group>"; };
		66DDF56A2B47120B00355825 /* ForYouView.swift */ = {isa = PBXFileReference; lastKnownFileType = sourcecode.swift; path = ForYouView.swift; sourceTree = "<group>"; };
		66DDF56C2B47129700355825 /* FinishedView.swift */ = {isa = PBXFileReference; lastKnownFileType = sourcecode.swift; path = FinishedView.swift; sourceTree = "<group>"; };
		66DDF56E2B4712F500355825 /* ToReadView.swift */ = {isa = PBXFileReference; lastKnownFileType = sourcecode.swift; path = ToReadView.swift; sourceTree = "<group>"; };
		66DDF5702B47162D00355825 /* SearchView.swift */ = {isa = PBXFileReference; lastKnownFileType = sourcecode.swift; path = SearchView.swift; sourceTree = "<group>"; };
		66DDF5722B474F8C00355825 /* Book.swift */ = {isa = PBXFileReference; lastKnownFileType = sourcecode.swift; path = Book.swift; sourceTree = "<group>"; };
		66DDF5772B4756D900355825 /* ToReadView-ViewModel.swift */ = {isa = PBXFileReference; lastKnownFileType = sourcecode.swift; path = "ToReadView-ViewModel.swift"; sourceTree = "<group>"; };
		66DDF57A2B47582200355825 /* DetailView.swift */ = {isa = PBXFileReference; lastKnownFileType = sourcecode.swift; path = DetailView.swift; sourceTree = "<group>"; };
/* End PBXFileReference section */

/* Begin PBXFrameworksBuildPhase section */
		66DDF5552B47105600355825 /* Frameworks */ = {
			isa = PBXFrameworksBuildPhase;
			buildActionMask = 2147483647;
			files = (
			);
			runOnlyForDeploymentPostprocessing = 0;
		};
/* End PBXFrameworksBuildPhase section */

/* Begin PBXGroup section */
		665F72F92B49ABF50000955D /* MainViews */ = {
			isa = PBXGroup;
			children = (
				66DDF56C2B47129700355825 /* FinishedView.swift */,
				66DDF56A2B47120B00355825 /* ForYouView.swift */,
				66DDF5702B47162D00355825 /* SearchView.swift */,
				66DDF56E2B4712F500355825 /* ToReadView.swift */,
			);
			path = MainViews;
			sourceTree = "<group>";
		};
		66CF06B22B4B498E00DAB6AC /* SwipeButtons */ = {
			isa = PBXGroup;
			children = (
				66CF06B32B4B49AF00DAB6AC /* AddToFavouritesButton.swift */,
				66CF06B02B4B492E00DAB6AC /* DeleteButton.swift */,
				66CF06B52B4B49BA00DAB6AC /* RemoveFromFavouritesButton.swift */,
			);
			path = SwipeButtons;
			sourceTree = "<group>";
		};
		66DDF54F2B47105600355825 = {
			isa = PBXGroup;
			children = (
				66DDF55A2B47105600355825 /* BookNotes */,
				66DDF5592B47105600355825 /* Products */,
			);
			sourceTree = "<group>";
		};
		66DDF5592B47105600355825 /* Products */ = {
			isa = PBXGroup;
			children = (
				66DDF5582B47105600355825 /* BookNotes.app */,
			);
			name = Products;
			sourceTree = "<group>";
		};
		66DDF55A2B47105600355825 /* BookNotes */ = {
			isa = PBXGroup;
			children = (
				66DDF55B2B47105600355825 /* BookNotesApp.swift */,
				66DDF5742B474F9B00355825 /* Model */,
				66DDF5692B4711E900355825 /* View */,
				66DDF5792B4756E700355825 /* ViewModel */,
				66DDF55F2B47105700355825 /* Assets.xcassets */,
				66DDF5612B47105700355825 /* Preview Content */,
			);
			path = BookNotes;
			sourceTree = "<group>";
		};
		66DDF5612B47105700355825 /* Preview Content */ = {
			isa = PBXGroup;
			children = (
				66DDF5622B47105700355825 /* Preview Assets.xcassets */,
			);
			path = "Preview Content";
			sourceTree = "<group>";
		};
		66DDF5692B4711E900355825 /* View */ = {
			isa = PBXGroup;
			children = (
				66DDF55D2B47105600355825 /* ContentView.swift */,
				665F72F92B49ABF50000955D /* MainViews */,
				669AF26B2B4883DC00310430 /* AddBookView.swift */,
				669525FC2B541FE20005F422 /* BooksListView.swift */,
				669525F82B5413200005F422 /* CellView.swift */,
				66DDF57A2B47582200355825 /* DetailView.swift */,
				665F72FA2B49AD2B0000955D /* MarkAsFinishedView.swift */,
				66A552ED2B4F23F500577A3A /* RatingView.swift */,
				664C9D002B4C5EB800D846F6 /* SharedView.swift */,
				66CF06B22B4B498E00DAB6AC /* SwipeButtons */,
			);
			path = View;
			sourceTree = "<group>";
		};
		66DDF5742B474F9B00355825 /* Model */ = {
			isa = PBXGroup;
			children = (
				66DDF5722B474F8C00355825 /* Book.swift */,
				66CF06AE2B4B09B200DAB6AC /* Favourites.swift */,
				662C5DB12B51C517003DDA05 /* Genre.swift */,
			);
			path = Model;
			sourceTree = "<group>";
		};
		66DDF5792B4756E700355825 /* ViewModel */ = {
			isa = PBXGroup;
			children = (
				66DDF5772B4756D900355825 /* ToReadView-ViewModel.swift */,
			);
			path = ViewModel;
			sourceTree = "<group>";
		};
/* End PBXGroup section */

/* Begin PBXNativeTarget section */
		66DDF5572B47105600355825 /* BookNotes */ = {
			isa = PBXNativeTarget;
			buildConfigurationList = 66DDF5662B47105700355825 /* Build configuration list for PBXNativeTarget "BookNotes" */;
			buildPhases = (
				66DDF5542B47105600355825 /* Sources */,
				66DDF5552B47105600355825 /* Frameworks */,
				66DDF5562B47105600355825 /* Resources */,
			);
			buildRules = (
			);
			dependencies = (
			);
			name = BookNotes;
			productName = BookNotes;
			productReference = 66DDF5582B47105600355825 /* BookNotes.app */;
			productType = "com.apple.product-type.application";
		};
/* End PBXNativeTarget section */

/* Begin PBXProject section */
		66DDF5502B47105600355825 /* Project object */ = {
			isa = PBXProject;
			attributes = {
				BuildIndependentTargetsInParallel = 1;
				LastSwiftUpdateCheck = 1510;
				LastUpgradeCheck = 1510;
				TargetAttributes = {
					66DDF5572B47105600355825 = {
						CreatedOnToolsVersion = 15.1;
					};
				};
			};
			buildConfigurationList = 66DDF5532B47105600355825 /* Build configuration list for PBXProject "BookNotes" */;
			compatibilityVersion = "Xcode 14.0";
			developmentRegion = en;
			hasScannedForEncodings = 0;
			knownRegions = (
				en,
				Base,
			);
			mainGroup = 66DDF54F2B47105600355825;
			productRefGroup = 66DDF5592B47105600355825 /* Products */;
			projectDirPath = "";
			projectRoot = "";
			targets = (
				66DDF5572B47105600355825 /* BookNotes */,
			);
		};
/* End PBXProject section */

/* Begin PBXResourcesBuildPhase section */
		66DDF5562B47105600355825 /* Resources */ = {
			isa = PBXResourcesBuildPhase;
			buildActionMask = 2147483647;
			files = (
				66DDF5632B47105700355825 /* Preview Assets.xcassets in Resources */,
				66DDF5602B47105700355825 /* Assets.xcassets in Resources */,
			);
			runOnlyForDeploymentPostprocessing = 0;
		};
/* End PBXResourcesBuildPhase section */

/* Begin PBXSourcesBuildPhase section */
		66DDF5542B47105600355825 /* Sources */ = {
			isa = PBXSourcesBuildPhase;
			buildActionMask = 2147483647;
			files = (
				66DDF5782B4756D900355825 /* ToReadView-ViewModel.swift in Sources */,
				66DDF57B2B47582200355825 /* DetailView.swift in Sources */,
				66DDF56F2B4712F500355825 /* ToReadView.swift in Sources */,
				66DDF55E2B47105600355825 /* ContentView.swift in Sources */,
				66CF06B62B4B49BA00DAB6AC /* RemoveFromFavouritesButton.swift in Sources */,
				66DDF5732B474F8C00355825 /* Book.swift in Sources */,
				66DDF55C2B47105600355825 /* BookNotesApp.swift in Sources */,
				669525FD2B541FE20005F422 /* BooksListView.swift in Sources */,
				66DDF56D2B47129700355825 /* FinishedView.swift in Sources */,
				664C9D012B4C5EB800D846F6 /* SharedView.swift in Sources */,
				662C5DB22B51C517003DDA05 /* Genre.swift in Sources */,
				66CF06AF2B4B09B200DAB6AC /* Favourites.swift in Sources */,
				669525F92B5413200005F422 /* CellView.swift in Sources */,
				66CF06B42B4B49AF00DAB6AC /* AddToFavouritesButton.swift in Sources */,
				66A552EE2B4F23F500577A3A /* RatingView.swift in Sources */,
				665F72FB2B49AD2B0000955D /* MarkAsFinishedView.swift in Sources */,
				66CF06B12B4B492E00DAB6AC /* DeleteButton.swift in Sources */,
				66DDF5712B47162D00355825 /* SearchView.swift in Sources */,
				66DDF56B2B47120B00355825 /* ForYouView.swift in Sources */,
				669AF26C2B4883DC00310430 /* AddBookView.swift in Sources */,
			);
			runOnlyForDeploymentPostprocessing = 0;
		};
/* End PBXSourcesBuildPhase section */

/* Begin XCBuildConfiguration section */
		66DDF5642B47105700355825 /* Debug */ = {
			isa = XCBuildConfiguration;
			buildSettings = {
				ALWAYS_SEARCH_USER_PATHS = NO;
				ASSETCATALOG_COMPILER_GENERATE_SWIFT_ASSET_SYMBOL_EXTENSIONS = YES;
				CLANG_ANALYZER_NONNULL = YES;
				CLANG_ANALYZER_NUMBER_OBJECT_CONVERSION = YES_AGGRESSIVE;
				CLANG_CXX_LANGUAGE_STANDARD = "gnu++20";
				CLANG_ENABLE_MODULES = YES;
				CLANG_ENABLE_OBJC_ARC = YES;
				CLANG_ENABLE_OBJC_WEAK = YES;
				CLANG_WARN_BLOCK_CAPTURE_AUTORELEASING = YES;
				CLANG_WARN_BOOL_CONVERSION = YES;
				CLANG_WARN_COMMA = YES;
				CLANG_WARN_CONSTANT_CONVERSION = YES;
				CLANG_WARN_DEPRECATED_OBJC_IMPLEMENTATIONS = YES;
				CLANG_WARN_DIRECT_OBJC_ISA_USAGE = YES_ERROR;
				CLANG_WARN_DOCUMENTATION_COMMENTS = YES;
				CLANG_WARN_EMPTY_BODY = YES;
				CLANG_WARN_ENUM_CONVERSION = YES;
				CLANG_WARN_INFINITE_RECURSION = YES;
				CLANG_WARN_INT_CONVERSION = YES;
				CLANG_WARN_NON_LITERAL_NULL_CONVERSION = YES;
				CLANG_WARN_OBJC_IMPLICIT_RETAIN_SELF = YES;
				CLANG_WARN_OBJC_LITERAL_CONVERSION = YES;
				CLANG_WARN_OBJC_ROOT_CLASS = YES_ERROR;
				CLANG_WARN_QUOTED_INCLUDE_IN_FRAMEWORK_HEADER = YES;
				CLANG_WARN_RANGE_LOOP_ANALYSIS = YES;
				CLANG_WARN_STRICT_PROTOTYPES = YES;
				CLANG_WARN_SUSPICIOUS_MOVE = YES;
				CLANG_WARN_UNGUARDED_AVAILABILITY = YES_AGGRESSIVE;
				CLANG_WARN_UNREACHABLE_CODE = YES;
				CLANG_WARN__DUPLICATE_METHOD_MATCH = YES;
				COPY_PHASE_STRIP = NO;
				DEBUG_INFORMATION_FORMAT = dwarf;
				ENABLE_STRICT_OBJC_MSGSEND = YES;
				ENABLE_TESTABILITY = YES;
				ENABLE_USER_SCRIPT_SANDBOXING = YES;
				GCC_C_LANGUAGE_STANDARD = gnu17;
				GCC_DYNAMIC_NO_PIC = NO;
				GCC_NO_COMMON_BLOCKS = YES;
				GCC_OPTIMIZATION_LEVEL = 0;
				GCC_PREPROCESSOR_DEFINITIONS = (
					"DEBUG=1",
					"$(inherited)",
				);
				GCC_WARN_64_TO_32_BIT_CONVERSION = YES;
				GCC_WARN_ABOUT_RETURN_TYPE = YES_ERROR;
				GCC_WARN_UNDECLARED_SELECTOR = YES;
				GCC_WARN_UNINITIALIZED_AUTOS = YES_AGGRESSIVE;
				GCC_WARN_UNUSED_FUNCTION = YES;
				GCC_WARN_UNUSED_VARIABLE = YES;
				IPHONEOS_DEPLOYMENT_TARGET = 17.2;
				LOCALIZATION_PREFERS_STRING_CATALOGS = YES;
				MTL_ENABLE_DEBUG_INFO = INCLUDE_SOURCE;
				MTL_FAST_MATH = YES;
				ONLY_ACTIVE_ARCH = YES;
				SDKROOT = iphoneos;
				SWIFT_ACTIVE_COMPILATION_CONDITIONS = "DEBUG $(inherited)";
				SWIFT_OPTIMIZATION_LEVEL = "-Onone";
			};
			name = Debug;
		};
		66DDF5652B47105700355825 /* Release */ = {
			isa = XCBuildConfiguration;
			buildSettings = {
				ALWAYS_SEARCH_USER_PATHS = NO;
				ASSETCATALOG_COMPILER_GENERATE_SWIFT_ASSET_SYMBOL_EXTENSIONS = YES;
				CLANG_ANALYZER_NONNULL = YES;
				CLANG_ANALYZER_NUMBER_OBJECT_CONVERSION = YES_AGGRESSIVE;
				CLANG_CXX_LANGUAGE_STANDARD = "gnu++20";
				CLANG_ENABLE_MODULES = YES;
				CLANG_ENABLE_OBJC_ARC = YES;
				CLANG_ENABLE_OBJC_WEAK = YES;
				CLANG_WARN_BLOCK_CAPTURE_AUTORELEASING = YES;
				CLANG_WARN_BOOL_CONVERSION = YES;
				CLANG_WARN_COMMA = YES;
				CLANG_WARN_CONSTANT_CONVERSION = YES;
				CLANG_WARN_DEPRECATED_OBJC_IMPLEMENTATIONS = YES;
				CLANG_WARN_DIRECT_OBJC_ISA_USAGE = YES_ERROR;
				CLANG_WARN_DOCUMENTATION_COMMENTS = YES;
				CLANG_WARN_EMPTY_BODY = YES;
				CLANG_WARN_ENUM_CONVERSION = YES;
				CLANG_WARN_INFINITE_RECURSION = YES;
				CLANG_WARN_INT_CONVERSION = YES;
				CLANG_WARN_NON_LITERAL_NULL_CONVERSION = YES;
				CLANG_WARN_OBJC_IMPLICIT_RETAIN_SELF = YES;
				CLANG_WARN_OBJC_LITERAL_CONVERSION = YES;
				CLANG_WARN_OBJC_ROOT_CLASS = YES_ERROR;
				CLANG_WARN_QUOTED_INCLUDE_IN_FRAMEWORK_HEADER = YES;
				CLANG_WARN_RANGE_LOOP_ANALYSIS = YES;
				CLANG_WARN_STRICT_PROTOTYPES = YES;
				CLANG_WARN_SUSPICIOUS_MOVE = YES;
				CLANG_WARN_UNGUARDED_AVAILABILITY = YES_AGGRESSIVE;
				CLANG_WARN_UNREACHABLE_CODE = YES;
				CLANG_WARN__DUPLICATE_METHOD_MATCH = YES;
				COPY_PHASE_STRIP = NO;
				DEBUG_INFORMATION_FORMAT = "dwarf-with-dsym";
				ENABLE_NS_ASSERTIONS = NO;
				ENABLE_STRICT_OBJC_MSGSEND = YES;
				ENABLE_USER_SCRIPT_SANDBOXING = YES;
				GCC_C_LANGUAGE_STANDARD = gnu17;
				GCC_NO_COMMON_BLOCKS = YES;
				GCC_WARN_64_TO_32_BIT_CONVERSION = YES;
				GCC_WARN_ABOUT_RETURN_TYPE = YES_ERROR;
				GCC_WARN_UNDECLARED_SELECTOR = YES;
				GCC_WARN_UNINITIALIZED_AUTOS = YES_AGGRESSIVE;
				GCC_WARN_UNUSED_FUNCTION = YES;
				GCC_WARN_UNUSED_VARIABLE = YES;
				IPHONEOS_DEPLOYMENT_TARGET = 17.2;
				LOCALIZATION_PREFERS_STRING_CATALOGS = YES;
				MTL_ENABLE_DEBUG_INFO = NO;
				MTL_FAST_MATH = YES;
				SDKROOT = iphoneos;
				SWIFT_COMPILATION_MODE = wholemodule;
				VALIDATE_PRODUCT = YES;
			};
			name = Release;
		};
		66DDF5672B47105700355825 /* Debug */ = {
			isa = XCBuildConfiguration;
			buildSettings = {
				ASSETCATALOG_COMPILER_APPICON_NAME = AppIcon;
				ASSETCATALOG_COMPILER_GLOBAL_ACCENT_COLOR_NAME = AccentColor;
				CODE_SIGN_STYLE = Automatic;
				CURRENT_PROJECT_VERSION = 1;
				DEVELOPMENT_ASSET_PATHS = "\"BookNotes/Preview Content\"";
				DEVELOPMENT_TEAM = 8M6629LY4U;
				ENABLE_PREVIEWS = YES;
				GENERATE_INFOPLIST_FILE = YES;
				INFOPLIST_KEY_UIApplicationSceneManifest_Generation = YES;
				INFOPLIST_KEY_UIApplicationSupportsIndirectInputEvents = YES;
				INFOPLIST_KEY_UILaunchScreen_Generation = YES;
				INFOPLIST_KEY_UISupportedInterfaceOrientations_iPad = "UIInterfaceOrientationPortrait UIInterfaceOrientationPortraitUpsideDown UIInterfaceOrientationLandscapeLeft UIInterfaceOrientationLandscapeRight";
				INFOPLIST_KEY_UISupportedInterfaceOrientations_iPhone = "UIInterfaceOrientationPortrait UIInterfaceOrientationLandscapeLeft UIInterfaceOrientationLandscapeRight";
				LD_RUNPATH_SEARCH_PATHS = (
					"$(inherited)",
					"@executable_path/Frameworks",
				);
				MARKETING_VERSION = 1.0;
				PRODUCT_BUNDLE_IDENTIFIER = com.admi126n.BookNotes;
				PRODUCT_NAME = "$(TARGET_NAME)";
				SWIFT_EMIT_LOC_STRINGS = YES;
				SWIFT_VERSION = 5.0;
				TARGETED_DEVICE_FAMILY = "1,2";
			};
			name = Debug;
		};
		66DDF5682B47105700355825 /* Release */ = {
			isa = XCBuildConfiguration;
			buildSettings = {
				ASSETCATALOG_COMPILER_APPICON_NAME = AppIcon;
				ASSETCATALOG_COMPILER_GLOBAL_ACCENT_COLOR_NAME = AccentColor;
				CODE_SIGN_STYLE = Automatic;
				CURRENT_PROJECT_VERSION = 1;
				DEVELOPMENT_ASSET_PATHS = "\"BookNotes/Preview Content\"";
				DEVELOPMENT_TEAM = 8M6629LY4U;
				ENABLE_PREVIEWS = YES;
				GENERATE_INFOPLIST_FILE = YES;
				INFOPLIST_KEY_UIApplicationSceneManifest_Generation = YES;
				INFOPLIST_KEY_UIApplicationSupportsIndirectInputEvents = YES;
				INFOPLIST_KEY_UILaunchScreen_Generation = YES;
				INFOPLIST_KEY_UISupportedInterfaceOrientations_iPad = "UIInterfaceOrientationPortrait UIInterfaceOrientationPortraitUpsideDown UIInterfaceOrientationLandscapeLeft UIInterfaceOrientationLandscapeRight";
				INFOPLIST_KEY_UISupportedInterfaceOrientations_iPhone = "UIInterfaceOrientationPortrait UIInterfaceOrientationLandscapeLeft UIInterfaceOrientationLandscapeRight";
				LD_RUNPATH_SEARCH_PATHS = (
					"$(inherited)",
					"@executable_path/Frameworks",
				);
				MARKETING_VERSION = 1.0;
				PRODUCT_BUNDLE_IDENTIFIER = com.admi126n.BookNotes;
				PRODUCT_NAME = "$(TARGET_NAME)";
				SWIFT_EMIT_LOC_STRINGS = YES;
				SWIFT_VERSION = 5.0;
				TARGETED_DEVICE_FAMILY = "1,2";
			};
			name = Release;
		};
/* End XCBuildConfiguration section */

/* Begin XCConfigurationList section */
		66DDF5532B47105600355825 /* Build configuration list for PBXProject "BookNotes" */ = {
			isa = XCConfigurationList;
			buildConfigurations = (
				66DDF5642B47105700355825 /* Debug */,
				66DDF5652B47105700355825 /* Release */,
			);
			defaultConfigurationIsVisible = 0;
			defaultConfigurationName = Release;
		};
		66DDF5662B47105700355825 /* Build configuration list for PBXNativeTarget "BookNotes" */ = {
			isa = XCConfigurationList;
			buildConfigurations = (
				66DDF5672B47105700355825 /* Debug */,
				66DDF5682B47105700355825 /* Release */,
			);
			defaultConfigurationIsVisible = 0;
			defaultConfigurationName = Release;
		};
/* End XCConfigurationList section */
	};
	rootObject = 66DDF5502B47105600355825 /* Project object */;
}
